%{
  "httpotion": {:hex, :httpotion, "3.1.1", "b8ad199dea2c56a70c89e7f9e4d09898c7e85871783b7417c04cb4f1d4d8e919", [:mix], [{:ibrowse, "== 4.4.0", [hex: :ibrowse, repo: "hexpm", optional: false]}], "hexpm"},
  "ibrowse": {:hex, :ibrowse, "4.4.0", "2d923325efe0d2cb09b9c6a047b2835a5eda69d8a47ed6ff8bc03628b764e991", [:rebar3], [], "hexpm"},
  "mogrify": {:hex, :mogrify, "0.7.2", "4d00b60288e338028e2af4cccff9b0da365d83b7e5da52e58fb2de513ef5fedd", [:mix], [], "hexpm"},
  "poison": {:hex, :poison, "4.0.1", "bcb755a16fac91cad79bfe9fc3585bb07b9331e50cfe3420a24bcc2d735709ae", [:mix], [], "hexpm"},
}
